
Microsoft Visual Studio Solution File, Format Version 12.00
# Visual Studio Version 17
VisualStudioVersion = 17.14.36414.22 d17.14
MinimumVisualStudioVersion = 10.0.40219.1
Project("{FAE04EC0-301F-11D3-BF4B-00C04F79EFBC}") = "Practica_POO_CS", "Practica_POO_CS.csproj", "{89AEC9DA-B75A-4530-82B1-2091C147FF40}"
EndProject
Global
	GlobalSection(SolutionConfigurationPlatforms) = preSolution
		Debug|Any CPU = Debug|Any CPU
		Release|Any CPU = Release|Any CPU
	EndGlobalSection
	GlobalSection(ProjectConfigurationPlatforms) = postSolution
		{89AEC9DA-B75A-4530-82B1-2091C147FF40}.Debug|Any CPU.ActiveCfg = Debug|Any CPU
		{89AEC9DA-B75A-4530-82B1-2091C147FF40}.Debug|Any CPU.Build.0 = Debug|Any CPU
		{89AEC9DA-B75A-4530-82B1-2091C147FF40}.Release|Any CPU.ActiveCfg = Release|Any CPU
		{89AEC9DA-B75A-4530-82B1-2091C147FF40}.Release|Any CPU.Build.0 = Release|Any CPU
	EndGlobalSection
	GlobalSection(SolutionProperties) = preSolution
		HideSolutionNode = FALSE
	EndGlobalSection
	GlobalSection(ExtensibilityGlobals) = postSolution
		SolutionGuid = {791DB429-68CB-4ED5-9AA6-6E4EF76E5462}
	EndGlobalSection
EndGlobal
